github.com/joho/godotenv v1.5.1 h1:7eLL/+HRGLY0ldzfGMeQkb7vMd0as4CfYvUVzLqw0N0=
github.com/joho/godotenv v1.5.1/go.mod h1:f4LDr5Voq0i2e/R5DDNOoa2zzDfwtkZa6DnEwAbqwq4=
github.com/uber/h3-go/v4 v4.1.0 h1:HWmEFiTxS3m4WgwDZjt4N73klOhrUZ/aFoY+RC6VFZk=
github.com/uber/h3-go/v4 v4.1.0/go.mod h1:VDpXVn4NLetBoISLEbiTVNstwW00bhHolV8I+jx9G+4=
